
Microsoft Visual Studio Solution File, Format Version 12.00
# Visual Studio 15
VisualStudioVersion = 15.0.27004.2005
MinimumVisualStudioVersion = 10.0.40219.1
Project("{D954291E-2A0B-460D-934E-DC6B0785DB48}") = "Foosball_MIF", "Foosball_MIF\Foosball_MIF\Foosball_MIF.shproj", "{6DD99DEF-C786-4A56-B1C6-3E9BA9D1C068}"
EndProject
Project("{FAE04EC0-301F-11D3-BF4B-00C04F79EFBC}") = "Foosball_MIF.Android", "Foosball_MIF\Foosball_MIF.Android\Foosball_MIF.Android.csproj", "{9AB85B07-A68A-494E-B76A-5FCD1AD8B7C9}"
EndProject
Project("{FAE04EC0-301F-11D3-BF4B-00C04F79EFBC}") = "Foosball_MIF.iOS", "Foosball_MIF\Foosball_MIF.iOS\Foosball_MIF.iOS.csproj", "{56C08F8A-27B8-4450-801E-96FCACB794FF}"
EndProject
Project("{FAE04EC0-301F-11D3-BF4B-00C04F79EFBC}") = "Foosball_MIF.UWP", "Foosball_MIF\Foosball_MIF.UWP\Foosball_MIF.UWP.csproj", "{1336AD96-1AFE-4C19-97C1-FA72553A5488}"
EndProject
Project("{FAE04EC0-301F-11D3-BF4B-00C04F79EFBC}") = "Foosball_Lib", "Foosball_Lib\Foosball_Lib.csproj", "{A95B54C9-1701-4595-B098-1ABA8E5F284F}"
EndProject
Project("{FAE04EC0-301F-11D3-BF4B-00C04F79EFBC}") = "Foosball_MIFTests", "Foosball_MIFTests\Foosball_MIFTests.csproj", "{91FDA12A-7434-4884-BEAC-D18CB7A75E5F}"
EndProject
Global
	GlobalSection(SharedMSBuildProjectFiles) = preSolution
		Foosball_MIF\Foosball_MIF\Foosball_MIF.projitems*{1336ad96-1afe-4c19-97c1-fa72553a5488}*SharedItemsImports = 4
		Foosball_MIF\Foosball_MIF\Foosball_MIF.projitems*{56c08f8a-27b8-4450-801e-96fcacb794ff}*SharedItemsImports = 4
		Foosball_MIF\Foosball_MIF\Foosball_MIF.projitems*{6dd99def-c786-4a56-b1c6-3e9ba9d1c068}*SharedItemsImports = 13
		Foosball_MIF\Foosball_MIF\Foosball_MIF.projitems*{9ab85b07-a68a-494e-b76a-5fcd1ad8b7c9}*SharedItemsImports = 4
	EndGlobalSection
	GlobalSection(SolutionConfigurationPlatforms) = preSolution
		Ad-Hoc|Any CPU = Ad-Hoc|Any CPU
		Ad-Hoc|ARM = Ad-Hoc|ARM
		Ad-Hoc|iPhone = Ad-Hoc|iPhone
		Ad-Hoc|iPhoneSimulator = Ad-Hoc|iPhoneSimulator
		Ad-Hoc|x64 = Ad-Hoc|x64
		Ad-Hoc|x86 = Ad-Hoc|x86
		AppStore|Any CPU = AppStore|Any CPU
		AppStore|ARM = AppStore|ARM
		AppStore|iPhone = AppStore|iPhone
		AppStore|iPhoneSimulator = AppStore|iPhoneSimulator
		AppStore|x64 = AppStore|x64
		AppStore|x86 = AppStore|x86
		Debug|Any CPU = Debug|Any CPU
		Debug|ARM = Debug|ARM
		Debug|iPhone = Debug|iPhone
		Debug|iPhoneSimulator = Debug|iPhoneSimulator
		Debug|x64 = Debug|x64
		Debug|x86 = Debug|x86
		Release|Any CPU = Release|Any CPU
		Release|ARM = Release|ARM
		Release|iPhone = Release|iPhone
		Release|iPhoneSimulator = Release|iPhoneSimulator
		Release|x64 = Release|x64
		Release|x86 = Release|x86
	EndGlobalSection
	GlobalSection(ProjectConfigurationPlatforms) = postSolution
		{9AB85B07-A68A-494E-B76A-5FCD1AD8B7C9}.Ad-Hoc|Any CPU.ActiveCfg = Release|Any CPU
		{9AB85B07-A68A-494E-B76A-5FCD1AD8B7C9}.Ad-Hoc|Any CPU.Build.0 = Release|Any CPU
		{9AB85B07-A68A-494E-B76A-5FCD1AD8B7C9}.Ad-Hoc|Any CPU.Deploy.0 = Release|Any CPU
		{9AB85B07-A68A-494E-B76A-5FCD1AD8B7C9}.Ad-Hoc|ARM.ActiveCfg = Release|Any CPU
		{9AB85B07-A68A-494E-B76A-5FCD1AD8B7C9}.Ad-Hoc|ARM.Build.0 = Release|Any CPU
		{9AB85B07-A68A-494E-B76A-5FCD1AD8B7C9}.Ad-Hoc|ARM.Deploy.0 = Release|Any CPU
		{9AB85B07-A68A-494E-B76A-5FCD1AD8B7C9}.Ad-Hoc|iPhone.ActiveCfg = Release|Any CPU
		{9AB85B07-A68A-494E-B76A-5FCD1AD8B7C9}.Ad-Hoc|iPhone.Build.0 = Release|Any CPU
		{9AB85B07-A68A-494E-B76A-5FCD1AD8B7C9}.Ad-Hoc|iPhone.Deploy.0 = Release|Any CPU
		{9AB85B07-A68A-494E-B76A-5FCD1AD8B7C9}.Ad-Hoc|iPhoneSimulator.ActiveCfg = Release|Any CPU
		{9AB85B07-A68A-494E-B76A-5FCD1AD8B7C9}.Ad-Hoc|iPhoneSimulator.Build.0 = Release|Any CPU
		{9AB85B07-A68A-494E-B76A-5FCD1AD8B7C9}.Ad-Hoc|iPhoneSimulator.Deploy.0 = Release|Any CPU
		{9AB85B07-A68A-494E-B76A-5FCD1AD8B7C9}.Ad-Hoc|x64.ActiveCfg = Release|Any CPU
		{9AB85B07-A68A-494E-B76A-5FCD1AD8B7C9}.Ad-Hoc|x64.Build.0 = Release|Any CPU
		{9AB85B07-A68A-494E-B76A-5FCD1AD8B7C9}.Ad-Hoc|x64.Deploy.0 = Release|Any CPU
		{9AB85B07-A68A-494E-B76A-5FCD1AD8B7C9}.Ad-Hoc|x86.ActiveCfg = Release|Any CPU
		{9AB85B07-A68A-494E-B76A-5FCD1AD8B7C9}.Ad-Hoc|x86.Build.0 = Release|Any CPU
		{9AB85B07-A68A-494E-B76A-5FCD1AD8B7C9}.Ad-Hoc|x86.Deploy.0 = Release|Any CPU
		{9AB85B07-A68A-494E-B76A-5FCD1AD8B7C9}.AppStore|Any CPU.ActiveCfg = Release|Any CPU
		{9AB85B07-A68A-494E-B76A-5FCD1AD8B7C9}.AppStore|Any CPU.Build.0 = Release|Any CPU
		{9AB85B07-A68A-494E-B76A-5FCD1AD8B7C9}.AppStore|Any CPU.Deploy.0 = Release|Any CPU
		{9AB85B07-A68A-494E-B76A-5FCD1AD8B7C9}.AppStore|ARM.ActiveCfg = Release|Any CPU
		{9AB85B07-A68A-494E-B76A-5FCD1AD8B7C9}.AppStore|ARM.Build.0 = Release|Any CPU
		{9AB85B07-A68A-494E-B76A-5FCD1AD8B7C9}.AppStore|ARM.Deploy.0 = Release|Any CPU
		{9AB85B07-A68A-494E-B76A-5FCD1AD8B7C9}.AppStore|iPhone.ActiveCfg = Release|Any CPU
		{9AB85B07-A68A-494E-B76A-5FCD1AD8B7C9}.AppStore|iPhone.Build.0 = Release|Any CPU
		{9AB85B07-A68A-494E-B76A-5FCD1AD8B7C9}.AppStore|iPhone.Deploy.0 = Release|Any CPU
		{9AB85B07-A68A-494E-B76A-5FCD1AD8B7C9}.AppStore|iPhoneSimulator.ActiveCfg = Release|Any CPU
		{9AB85B07-A68A-494E-B76A-5FCD1AD8B7C9}.AppStore|iPhoneSimulator.Build.0 = Release|Any CPU
		{9AB85B07-A68A-494E-B76A-5FCD1AD8B7C9}.AppStore|iPhoneSimulator.Deploy.0 = Release|Any CPU
		{9AB85B07-A68A-494E-B76A-5FCD1AD8B7C9}.AppStore|x64.ActiveCfg = Release|Any CPU
		{9AB85B07-A68A-494E-B76A-5FCD1AD8B7C9}.AppStore|x64.Build.0 = Release|Any CPU
		{9AB85B07-A68A-494E-B76A-5FCD1AD8B7C9}.AppStore|x64.Deploy.0 = Release|Any CPU
		{9AB85B07-A68A-494E-B76A-5FCD1AD8B7C9}.AppStore|x86.ActiveCfg = Release|Any CPU
		{9AB85B07-A68A-494E-B76A-5FCD1AD8B7C9}.AppStore|x86.Build.0 = Release|Any CPU
		{9AB85B07-A68A-494E-B76A-5FCD1AD8B7C9}.AppStore|x86.Deploy.0 = Release|Any CPU
		{9AB85B07-A68A-494E-B76A-5FCD1AD8B7C9}.Debug|Any CPU.ActiveCfg = Debug|Any CPU
		{9AB85B07-A68A-494E-B76A-5FCD1AD8B7C9}.Debug|Any CPU.Build.0 = Debug|Any CPU
		{9AB85B07-A68A-494E-B76A-5FCD1AD8B7C9}.Debug|Any CPU.Deploy.0 = Debug|Any CPU
		{9AB85B07-A68A-494E-B76A-5FCD1AD8B7C9}.Debug|ARM.ActiveCfg = Debug|Any CPU
		{9AB85B07-A68A-494E-B76A-5FCD1AD8B7C9}.Debug|ARM.Build.0 = Debug|Any CPU
		{9AB85B07-A68A-494E-B76A-5FCD1AD8B7C9}.Debug|ARM.Deploy.0 = Debug|Any CPU
		{9AB85B07-A68A-494E-B76A-5FCD1AD8B7C9}.Debug|iPhone.ActiveCfg = Debug|Any CPU
		{9AB85B07-A68A-494E-B76A-5FCD1AD8B7C9}.Debug|iPhone.Build.0 = Debug|Any CPU
		{9AB85B07-A68A-494E-B76A-5FCD1AD8B7C9}.Debug|iPhone.Deploy.0 = Debug|Any CPU
		{9AB85B07-A68A-494E-B76A-5FCD1AD8B7C9}.Debug|iPhoneSimulator.ActiveCfg = Debug|Any CPU
		{9AB85B07-A68A-494E-B76A-5FCD1AD8B7C9}.Debug|iPhoneSimulator.Build.0 = Debug|Any CPU
		{9AB85B07-A68A-494E-B76A-5FCD1AD8B7C9}.Debug|iPhoneSimulator.Deploy.0 = Debug|Any CPU
		{9AB85B07-A68A-494E-B76A-5FCD1AD8B7C9}.Debug|x64.ActiveCfg = Debug|Any CPU
		{9AB85B07-A68A-494E-B76A-5FCD1AD8B7C9}.Debug|x64.Build.0 = Debug|Any CPU
		{9AB85B07-A68A-494E-B76A-5FCD1AD8B7C9}.Debug|x64.Deploy.0 = Debug|Any CPU
		{9AB85B07-A68A-494E-B76A-5FCD1AD8B7C9}.Debug|x86.ActiveCfg = Debug|Any CPU
		{9AB85B07-A68A-494E-B76A-5FCD1AD8B7C9}.Debug|x86.Build.0 = Debug|Any CPU
		{9AB85B07-A68A-494E-B76A-5FCD1AD8B7C9}.Debug|x86.Deploy.0 = Debug|Any CPU
		{9AB85B07-A68A-494E-B76A-5FCD1AD8B7C9}.Release|Any CPU.ActiveCfg = Release|Any CPU
		{9AB85B07-A68A-494E-B76A-5FCD1AD8B7C9}.Release|Any CPU.Build.0 = Release|Any CPU
		{9AB85B07-A68A-494E-B76A-5FCD1AD8B7C9}.Release|Any CPU.Deploy.0 = Release|Any CPU
		{9AB85B07-A68A-494E-B76A-5FCD1AD8B7C9}.Release|ARM.ActiveCfg = Release|Any CPU
		{9AB85B07-A68A-494E-B76A-5FCD1AD8B7C9}.Release|ARM.Build.0 = Release|Any CPU
		{9AB85B07-A68A-494E-B76A-5FCD1AD8B7C9}.Release|ARM.Deploy.0 = Release|Any CPU
		{9AB85B07-A68A-494E-B76A-5FCD1AD8B7C9}.Release|iPhone.ActiveCfg = Release|Any CPU
		{9AB85B07-A68A-494E-B76A-5FCD1AD8B7C9}.Release|iPhone.Build.0 = Release|Any CPU
		{9AB85B07-A68A-494E-B76A-5FCD1AD8B7C9}.Release|iPhone.Deploy.0 = Release|Any CPU
		{9AB85B07-A68A-494E-B76A-5FCD1AD8B7C9}.Release|iPhoneSimulator.ActiveCfg = Release|Any CPU
		{9AB85B07-A68A-494E-B76A-5FCD1AD8B7C9}.Release|iPhoneSimulator.Build.0 = Release|Any CPU
		{9AB85B07-A68A-494E-B76A-5FCD1AD8B7C9}.Release|iPhoneSimulator.Deploy.0 = Release|Any CPU
		{9AB85B07-A68A-494E-B76A-5FCD1AD8B7C9}.Release|x64.ActiveCfg = Release|Any CPU
		{9AB85B07-A68A-494E-B76A-5FCD1AD8B7C9}.Release|x64.Build.0 = Release|Any CPU
		{9AB85B07-A68A-494E-B76A-5FCD1AD8B7C9}.Release|x64.Deploy.0 = Release|Any CPU
		{9AB85B07-A68A-494E-B76A-5FCD1AD8B7C9}.Release|x86.ActiveCfg = Release|Any CPU
		{9AB85B07-A68A-494E-B76A-5FCD1AD8B7C9}.Release|x86.Build.0 = Release|Any CPU
		{9AB85B07-A68A-494E-B76A-5FCD1AD8B7C9}.Release|x86.Deploy.0 = Release|Any CPU
		{56C08F8A-27B8-4450-801E-96FCACB794FF}.Ad-Hoc|Any CPU.ActiveCfg = Ad-Hoc|iPhone
		{56C08F8A-27B8-4450-801E-96FCACB794FF}.Ad-Hoc|ARM.ActiveCfg = Ad-Hoc|iPhone
		{56C08F8A-27B8-4450-801E-96FCACB794FF}.Ad-Hoc|iPhone.ActiveCfg = Ad-Hoc|iPhone
		{56C08F8A-27B8-4450-801E-96FCACB794FF}.Ad-Hoc|iPhone.Build.0 = Ad-Hoc|iPhone
		{56C08F8A-27B8-4450-801E-96FCACB794FF}.Ad-Hoc|iPhoneSimulator.ActiveCfg = Ad-Hoc|iPhoneSimulator
		{56C08F8A-27B8-4450-801E-96FCACB794FF}.Ad-Hoc|iPhoneSimulator.Build.0 = Ad-Hoc|iPhoneSimulator
		{56C08F8A-27B8-4450-801E-96FCACB794FF}.Ad-Hoc|x64.ActiveCfg = Ad-Hoc|iPhone
		{56C08F8A-27B8-4450-801E-96FCACB794FF}.Ad-Hoc|x86.ActiveCfg = Ad-Hoc|iPhone
		{56C08F8A-27B8-4450-801E-96FCACB794FF}.AppStore|Any CPU.ActiveCfg = AppStore|iPhone
		{56C08F8A-27B8-4450-801E-96FCACB794FF}.AppStore|ARM.ActiveCfg = AppStore|iPhone
		{56C08F8A-27B8-4450-801E-96FCACB794FF}.AppStore|iPhone.ActiveCfg = AppStore|iPhone
		{56C08F8A-27B8-4450-801E-96FCACB794FF}.AppStore|iPhone.Build.0 = AppStore|iPhone
		{56C08F8A-27B8-4450-801E-96FCACB794FF}.AppStore|iPhoneSimulator.ActiveCfg = AppStore|iPhoneSimulator
		{56C08F8A-27B8-4450-801E-96FCACB794FF}.AppStore|iPhoneSimulator.Build.0 = AppStore|iPhoneSimulator
		{56C08F8A-27B8-4450-801E-96FCACB794FF}.AppStore|x64.ActiveCfg = AppStore|iPhone
		{56C08F8A-27B8-4450-801E-96FCACB794FF}.AppStore|x86.ActiveCfg = AppStore|iPhone
		{56C08F8A-27B8-4450-801E-96FCACB794FF}.Debug|Any CPU.ActiveCfg = Debug|iPhone
		{56C08F8A-27B8-4450-801E-96FCACB794FF}.Debug|ARM.ActiveCfg = Debug|iPhone
		{56C08F8A-27B8-4450-801E-96FCACB794FF}.Debug|iPhone.ActiveCfg = Debug|iPhone
		{56C08F8A-27B8-4450-801E-96FCACB794FF}.Debug|iPhone.Build.0 = Debug|iPhone
		{56C08F8A-27B8-4450-801E-96FCACB794FF}.Debug|iPhoneSimulator.ActiveCfg = Debug|iPhoneSimulator
		{56C08F8A-27B8-4450-801E-96FCACB794FF}.Debug|iPhoneSimulator.Build.0 = Debug|iPhoneSimulator
		{56C08F8A-27B8-4450-801E-96FCACB794FF}.Debug|x64.ActiveCfg = Debug|iPhone
		{56C08F8A-27B8-4450-801E-96FCACB794FF}.Debug|x86.ActiveCfg = Debug|iPhone
		{56C08F8A-27B8-4450-801E-96FCACB794FF}.Release|Any CPU.ActiveCfg = Release|iPhone
		{56C08F8A-27B8-4450-801E-96FCACB794FF}.Release|ARM.ActiveCfg = Release|iPhone
		{56C08F8A-27B8-4450-801E-96FCACB794FF}.Release|iPhone.ActiveCfg = Release|iPhone
		{56C08F8A-27B8-4450-801E-96FCACB794FF}.Release|iPhone.Build.0 = Release|iPhone
		{56C08F8A-27B8-4450-801E-96FCACB794FF}.Release|iPhoneSimulator.ActiveCfg = Release|iPhoneSimulator
		{56C08F8A-27B8-4450-801E-96FCACB794FF}.Release|iPhoneSimulator.Build.0 = Release|iPhoneSimulator
		{56C08F8A-27B8-4450-801E-96FCACB794FF}.Release|x64.ActiveCfg = Release|iPhone
		{56C08F8A-27B8-4450-801E-96FCACB794FF}.Release|x86.ActiveCfg = Release|iPhone
		{1336AD96-1AFE-4C19-97C1-FA72553A5488}.Ad-Hoc|Any CPU.ActiveCfg = Release|x86
		{1336AD96-1AFE-4C19-97C1-FA72553A5488}.Ad-Hoc|Any CPU.Build.0 = Release|x86
		{1336AD96-1AFE-4C19-97C1-FA72553A5488}.Ad-Hoc|Any CPU.Deploy.0 = Release|x86
		{1336AD96-1AFE-4C19-97C1-FA72553A5488}.Ad-Hoc|ARM.ActiveCfg = Release|ARM
		{1336AD96-1AFE-4C19-97C1-FA72553A5488}.Ad-Hoc|ARM.Build.0 = Release|ARM
		{1336AD96-1AFE-4C19-97C1-FA72553A5488}.Ad-Hoc|ARM.Deploy.0 = Release|ARM
		{1336AD96-1AFE-4C19-97C1-FA72553A5488}.Ad-Hoc|iPhone.ActiveCfg = Release|x86
		{1336AD96-1AFE-4C19-97C1-FA72553A5488}.Ad-Hoc|iPhone.Build.0 = Release|x86
		{1336AD96-1AFE-4C19-97C1-FA72553A5488}.Ad-Hoc|iPhone.Deploy.0 = Release|x86
		{1336AD96-1AFE-4C19-97C1-FA72553A5488}.Ad-Hoc|iPhoneSimulator.ActiveCfg = Release|x86
		{1336AD96-1AFE-4C19-97C1-FA72553A5488}.Ad-Hoc|iPhoneSimulator.Build.0 = Release|x86
		{1336AD96-1AFE-4C19-97C1-FA72553A5488}.Ad-Hoc|iPhoneSimulator.Deploy.0 = Release|x86
		{1336AD96-1AFE-4C19-97C1-FA72553A5488}.Ad-Hoc|x64.ActiveCfg = Release|x64
		{1336AD96-1AFE-4C19-97C1-FA72553A5488}.Ad-Hoc|x64.Build.0 = Release|x64
		{1336AD96-1AFE-4C19-97C1-FA72553A5488}.Ad-Hoc|x64.Deploy.0 = Release|x64
		{1336AD96-1AFE-4C19-97C1-FA72553A5488}.Ad-Hoc|x86.ActiveCfg = Release|x86
		{1336AD96-1AFE-4C19-97C1-FA72553A5488}.Ad-Hoc|x86.Build.0 = Release|x86
		{1336AD96-1AFE-4C19-97C1-FA72553A5488}.Ad-Hoc|x86.Deploy.0 = Release|x86
		{1336AD96-1AFE-4C19-97C1-FA72553A5488}.AppStore|Any CPU.ActiveCfg = Release|x86
		{1336AD96-1AFE-4C19-97C1-FA72553A5488}.AppStore|Any CPU.Build.0 = Release|x86
		{1336AD96-1AFE-4C19-97C1-FA72553A5488}.AppStore|Any CPU.Deploy.0 = Release|x86
		{1336AD96-1AFE-4C19-97C1-FA72553A5488}.AppStore|ARM.ActiveCfg = Release|ARM
		{1336AD96-1AFE-4C19-97C1-FA72553A5488}.AppStore|ARM.Build.0 = Release|ARM
		{1336AD96-1AFE-4C19-97C1-FA72553A5488}.AppStore|ARM.Deploy.0 = Release|ARM
		{1336AD96-1AFE-4C19-97C1-FA72553A5488}.AppStore|iPhone.ActiveCfg = Release|x86
		{1336AD96-1AFE-4C19-97C1-FA72553A5488}.AppStore|iPhone.Build.0 = Release|x86
		{1336AD96-1AFE-4C19-97C1-FA72553A5488}.AppStore|iPhone.Deploy.0 = Release|x86
		{1336AD96-1AFE-4C19-97C1-FA72553A5488}.AppStore|iPhoneSimulator.ActiveCfg = Release|x86
		{1336AD96-1AFE-4C19-97C1-FA72553A5488}.AppStore|iPhoneSimulator.Build.0 = Release|x86
		{1336AD96-1AFE-4C19-97C1-FA72553A5488}.AppStore|iPhoneSimulator.Deploy.0 = Release|x86
		{1336AD96-1AFE-4C19-97C1-FA72553A5488}.AppStore|x64.ActiveCfg = Release|x64
		{1336AD96-1AFE-4C19-97C1-FA72553A5488}.AppStore|x64.Build.0 = Release|x64
		{1336AD96-1AFE-4C19-97C1-FA72553A5488}.AppStore|x64.Deploy.0 = Release|x64
		{1336AD96-1AFE-4C19-97C1-FA72553A5488}.AppStore|x86.ActiveCfg = Release|x86
		{1336AD96-1AFE-4C19-97C1-FA72553A5488}.AppStore|x86.Build.0 = Release|x86
		{1336AD96-1AFE-4C19-97C1-FA72553A5488}.AppStore|x86.Deploy.0 = Release|x86
		{1336AD96-1AFE-4C19-97C1-FA72553A5488}.Debug|Any CPU.ActiveCfg = Debug|x86
		{1336AD96-1AFE-4C19-97C1-FA72553A5488}.Debug|ARM.ActiveCfg = Debug|ARM
		{1336AD96-1AFE-4C19-97C1-FA72553A5488}.Debug|ARM.Build.0 = Debug|ARM
		{1336AD96-1AFE-4C19-97C1-FA72553A5488}.Debug|ARM.Deploy.0 = Debug|ARM
		{1336AD96-1AFE-4C19-97C1-FA72553A5488}.Debug|iPhone.ActiveCfg = Debug|x86
		{1336AD96-1AFE-4C19-97C1-FA72553A5488}.Debug|iPhoneSimulator.ActiveCfg = Debug|x86
		{1336AD96-1AFE-4C19-97C1-FA72553A5488}.Debug|x64.ActiveCfg = Debug|x64
		{1336AD96-1AFE-4C19-97C1-FA72553A5488}.Debug|x64.Build.0 = Debug|x64
		{1336AD96-1AFE-4C19-97C1-FA72553A5488}.Debug|x64.Deploy.0 = Debug|x64
		{1336AD96-1AFE-4C19-97C1-FA72553A5488}.Debug|x86.ActiveCfg = Debug|x86
		{1336AD96-1AFE-4C19-97C1-FA72553A5488}.Debug|x86.Build.0 = Debug|x86
		{1336AD96-1AFE-4C19-97C1-FA72553A5488}.Debug|x86.Deploy.0 = Debug|x86
		{1336AD96-1AFE-4C19-97C1-FA72553A5488}.Release|Any CPU.ActiveCfg = Release|x86
		{1336AD96-1AFE-4C19-97C1-FA72553A5488}.Release|ARM.ActiveCfg = Release|ARM
		{1336AD96-1AFE-4C19-97C1-FA72553A5488}.Release|ARM.Build.0 = Release|ARM
		{1336AD96-1AFE-4C19-97C1-FA72553A5488}.Release|ARM.Deploy.0 = Release|ARM
		{1336AD96-1AFE-4C19-97C1-FA72553A5488}.Release|iPhone.ActiveCfg = Release|x86
		{1336AD96-1AFE-4C19-97C1-FA72553A5488}.Release|iPhoneSimulator.ActiveCfg = Release|x86
		{1336AD96-1AFE-4C19-97C1-FA72553A5488}.Release|x64.ActiveCfg = Release|x64
		{1336AD96-1AFE-4C19-97C1-FA72553A5488}.Release|x64.Build.0 = Release|x64
		{1336AD96-1AFE-4C19-97C1-FA72553A5488}.Release|x64.Deploy.0 = Release|x64
		{1336AD96-1AFE-4C19-97C1-FA72553A5488}.Release|x86.ActiveCfg = Release|x86
		{1336AD96-1AFE-4C19-97C1-FA72553A5488}.Release|x86.Build.0 = Release|x86
		{1336AD96-1AFE-4C19-97C1-FA72553A5488}.Release|x86.Deploy.0 = Release|x86
		{A95B54C9-1701-4595-B098-1ABA8E5F284F}.Ad-Hoc|Any CPU.ActiveCfg = Release|Any CPU
		{A95B54C9-1701-4595-B098-1ABA8E5F284F}.Ad-Hoc|Any CPU.Build.0 = Release|Any CPU
		{A95B54C9-1701-4595-B098-1ABA8E5F284F}.Ad-Hoc|ARM.ActiveCfg = Release|Any CPU
		{A95B54C9-1701-4595-B098-1ABA8E5F284F}.Ad-Hoc|ARM.Build.0 = Release|Any CPU
		{A95B54C9-1701-4595-B098-1ABA8E5F284F}.Ad-Hoc|iPhone.ActiveCfg = Release|Any CPU
		{A95B54C9-1701-4595-B098-1ABA8E5F284F}.Ad-Hoc|iPhone.Build.0 = Release|Any CPU
		{A95B54C9-1701-4595-B098-1ABA8E5F284F}.Ad-Hoc|iPhoneSimulator.ActiveCfg = Release|Any CPU
		{A95B54C9-1701-4595-B098-1ABA8E5F284F}.Ad-Hoc|iPhoneSimulator.Build.0 = Release|Any CPU
		{A95B54C9-1701-4595-B098-1ABA8E5F284F}.Ad-Hoc|x64.ActiveCfg = Release|Any CPU
		{A95B54C9-1701-4595-B098-1ABA8E5F284F}.Ad-Hoc|x64.Build.0 = Release|Any CPU
		{A95B54C9-1701-4595-B098-1ABA8E5F284F}.Ad-Hoc|x86.ActiveCfg = Release|Any CPU
		{A95B54C9-1701-4595-B098-1ABA8E5F284F}.Ad-Hoc|x86.Build.0 = Release|Any CPU
		{A95B54C9-1701-4595-B098-1ABA8E5F284F}.AppStore|Any CPU.ActiveCfg = Release|Any CPU
		{A95B54C9-1701-4595-B098-1ABA8E5F284F}.AppStore|Any CPU.Build.0 = Release|Any CPU
		{A95B54C9-1701-4595-B098-1ABA8E5F284F}.AppStore|ARM.ActiveCfg = Release|Any CPU
		{A95B54C9-1701-4595-B098-1ABA8E5F284F}.AppStore|ARM.Build.0 = Release|Any CPU
		{A95B54C9-1701-4595-B098-1ABA8E5F284F}.AppStore|iPhone.ActiveCfg = Release|Any CPU
		{A95B54C9-1701-4595-B098-1ABA8E5F284F}.AppStore|iPhone.Build.0 = Release|Any CPU
		{A95B54C9-1701-4595-B098-1ABA8E5F284F}.AppStore|iPhoneSimulator.ActiveCfg = Release|Any CPU
		{A95B54C9-1701-4595-B098-1ABA8E5F284F}.AppStore|iPhoneSimulator.Build.0 = Release|Any CPU
		{A95B54C9-1701-4595-B098-1ABA8E5F284F}.AppStore|x64.ActiveCfg = Release|Any CPU
		{A95B54C9-1701-4595-B098-1ABA8E5F284F}.AppStore|x64.Build.0 = Release|Any CPU
		{A95B54C9-1701-4595-B098-1ABA8E5F284F}.AppStore|x86.ActiveCfg = Release|Any CPU
		{A95B54C9-1701-4595-B098-1ABA8E5F284F}.AppStore|x86.Build.0 = Release|Any CPU
		{A95B54C9-1701-4595-B098-1ABA8E5F284F}.Debug|Any CPU.ActiveCfg = Debug|Any CPU
		{A95B54C9-1701-4595-B098-1ABA8E5F284F}.Debug|Any CPU.Build.0 = Debug|Any CPU
		{A95B54C9-1701-4595-B098-1ABA8E5F284F}.Debug|ARM.ActiveCfg = Debug|Any CPU
		{A95B54C9-1701-4595-B098-1ABA8E5F284F}.Debug|ARM.Build.0 = Debug|Any CPU
		{A95B54C9-1701-4595-B098-1ABA8E5F284F}.Debug|iPhone.ActiveCfg = Debug|Any CPU
		{A95B54C9-1701-4595-B098-1ABA8E5F284F}.Debug|iPhone.Build.0 = Debug|Any CPU
		{A95B54C9-1701-4595-B098-1ABA8E5F284F}.Debug|iPhoneSimulator.ActiveCfg = Debug|Any CPU
		{A95B54C9-1701-4595-B098-1ABA8E5F284F}.Debug|iPhoneSimulator.Build.0 = Debug|Any CPU
		{A95B54C9-1701-4595-B098-1ABA8E5F284F}.Debug|x64.ActiveCfg = Debug|Any CPU
		{A95B54C9-1701-4595-B098-1ABA8E5F284F}.Debug|x64.Build.0 = Debug|Any CPU
		{A95B54C9-1701-4595-B098-1ABA8E5F284F}.Debug|x86.ActiveCfg = Debug|Any CPU
		{A95B54C9-1701-4595-B098-1ABA8E5F284F}.Debug|x86.Build.0 = Debug|Any CPU
		{A95B54C9-1701-4595-B098-1ABA8E5F284F}.Release|Any CPU.ActiveCfg = Release|Any CPU
		{A95B54C9-1701-4595-B098-1ABA8E5F284F}.Release|Any CPU.Build.0 = Release|Any CPU
		{A95B54C9-1701-4595-B098-1ABA8E5F284F}.Release|ARM.ActiveCfg = Release|Any CPU
		{A95B54C9-1701-4595-B098-1ABA8E5F284F}.Release|ARM.Build.0 = Release|Any CPU
		{A95B54C9-1701-4595-B098-1ABA8E5F284F}.Release|iPhone.ActiveCfg = Release|Any CPU
		{A95B54C9-1701-4595-B098-1ABA8E5F284F}.Release|iPhone.Build.0 = Release|Any CPU
		{A95B54C9-1701-4595-B098-1ABA8E5F284F}.Release|iPhoneSimulator.ActiveCfg = Release|Any CPU
		{A95B54C9-1701-4595-B098-1ABA8E5F284F}.Release|iPhoneSimulator.Build.0 = Release|Any CPU
		{A95B54C9-1701-4595-B098-1ABA8E5F284F}.Release|x64.ActiveCfg = Release|Any CPU
		{A95B54C9-1701-4595-B098-1ABA8E5F284F}.Release|x64.Build.0 = Release|Any CPU
		{A95B54C9-1701-4595-B098-1ABA8E5F284F}.Release|x86.ActiveCfg = Release|Any CPU
		{A95B54C9-1701-4595-B098-1ABA8E5F284F}.Release|x86.Build.0 = Release|Any CPU
		{91FDA12A-7434-4884-BEAC-D18CB7A75E5F}.Ad-Hoc|Any CPU.ActiveCfg = Release|Any CPU
		{91FDA12A-7434-4884-BEAC-D18CB7A75E5F}.Ad-Hoc|Any CPU.Build.0 = Release|Any CPU
		{91FDA12A-7434-4884-BEAC-D18CB7A75E5F}.Ad-Hoc|ARM.ActiveCfg = Release|Any CPU
		{91FDA12A-7434-4884-BEAC-D18CB7A75E5F}.Ad-Hoc|ARM.Build.0 = Release|Any CPU
		{91FDA12A-7434-4884-BEAC-D18CB7A75E5F}.Ad-Hoc|iPhone.ActiveCfg = Release|Any CPU
		{91FDA12A-7434-4884-BEAC-D18CB7A75E5F}.Ad-Hoc|iPhone.Build.0 = Release|Any CPU
		{91FDA12A-7434-4884-BEAC-D18CB7A75E5F}.Ad-Hoc|iPhoneSimulator.ActiveCfg = Release|Any CPU
		{91FDA12A-7434-4884-BEAC-D18CB7A75E5F}.Ad-Hoc|iPhoneSimulator.Build.0 = Release|Any CPU
		{91FDA12A-7434-4884-BEAC-D18CB7A75E5F}.Ad-Hoc|x64.ActiveCfg = Release|Any CPU
		{91FDA12A-7434-4884-BEAC-D18CB7A75E5F}.Ad-Hoc|x64.Build.0 = Release|Any CPU
		{91FDA12A-7434-4884-BEAC-D18CB7A75E5F}.Ad-Hoc|x86.ActiveCfg = Release|Any CPU
		{91FDA12A-7434-4884-BEAC-D18CB7A75E5F}.Ad-Hoc|x86.Build.0 = Release|Any CPU
		{91FDA12A-7434-4884-BEAC-D18CB7A75E5F}.AppStore|Any CPU.ActiveCfg = Release|Any CPU
		{91FDA12A-7434-4884-BEAC-D18CB7A75E5F}.AppStore|Any CPU.Build.0 = Release|Any CPU
		{91FDA12A-7434-4884-BEAC-D18CB7A75E5F}.AppStore|ARM.ActiveCfg = Release|Any CPU
		{91FDA12A-7434-4884-BEAC-D18CB7A75E5F}.AppStore|ARM.Build.0 = Release|Any CPU
		{91FDA12A-7434-4884-BEAC-D18CB7A75E5F}.AppStore|iPhone.ActiveCfg = Release|Any CPU
		{91FDA12A-7434-4884-BEAC-D18CB7A75E5F}.AppStore|iPhone.Build.0 = Release|Any CPU
		{91FDA12A-7434-4884-BEAC-D18CB7A75E5F}.AppStore|iPhoneSimulator.ActiveCfg = Release|Any CPU
		{91FDA12A-7434-4884-BEAC-D18CB7A75E5F}.AppStore|iPhoneSimulator.Build.0 = Release|Any CPU
		{91FDA12A-7434-4884-BEAC-D18CB7A75E5F}.AppStore|x64.ActiveCfg = Release|Any CPU
		{91FDA12A-7434-4884-BEAC-D18CB7A75E5F}.AppStore|x64.Build.0 = Release|Any CPU
		{91FDA12A-7434-4884-BEAC-D18CB7A75E5F}.AppStore|x86.ActiveCfg = Release|Any CPU
		{91FDA12A-7434-4884-BEAC-D18CB7A75E5F}.AppStore|x86.Build.0 = Release|Any CPU
		{91FDA12A-7434-4884-BEAC-D18CB7A75E5F}.Debug|Any CPU.ActiveCfg = Debug|Any CPU
		{91FDA12A-7434-4884-BEAC-D18CB7A75E5F}.Debug|Any CPU.Build.0 = Debug|Any CPU
		{91FDA12A-7434-4884-BEAC-D18CB7A75E5F}.Debug|ARM.ActiveCfg = Debug|Any CPU
		{91FDA12A-7434-4884-BEAC-D18CB7A75E5F}.Debug|ARM.Build.0 = Debug|Any CPU
		{91FDA12A-7434-4884-BEAC-D18CB7A75E5F}.Debug|iPhone.ActiveCfg = Debug|Any CPU
		{91FDA12A-7434-4884-BEAC-D18CB7A75E5F}.Debug|iPhone.Build.0 = Debug|Any CPU
		{91FDA12A-7434-4884-BEAC-D18CB7A75E5F}.Debug|iPhoneSimulator.ActiveCfg = Debug|Any CPU
		{91FDA12A-7434-4884-BEAC-D18CB7A75E5F}.Debug|iPhoneSimulator.Build.0 = Debug|Any CPU
		{91FDA12A-7434-4884-BEAC-D18CB7A75E5F}.Debug|x64.ActiveCfg = Debug|Any CPU
		{91FDA12A-7434-4884-BEAC-D18CB7A75E5F}.Debug|x64.Build.0 = Debug|Any CPU
		{91FDA12A-7434-4884-BEAC-D18CB7A75E5F}.Debug|x86.ActiveCfg = Debug|Any CPU
		{91FDA12A-7434-4884-BEAC-D18CB7A75E5F}.Debug|x86.Build.0 = Debug|Any CPU
		{91FDA12A-7434-4884-BEAC-D18CB7A75E5F}.Release|Any CPU.ActiveCfg = Release|Any CPU
		{91FDA12A-7434-4884-BEAC-D18CB7A75E5F}.Release|Any CPU.Build.0 = Release|Any CPU
		{91FDA12A-7434-4884-BEAC-D18CB7A75E5F}.Release|ARM.ActiveCfg = Release|Any CPU
		{91FDA12A-7434-4884-BEAC-D18CB7A75E5F}.Release|ARM.Build.0 = Release|Any CPU
		{91FDA12A-7434-4884-BEAC-D18CB7A75E5F}.Release|iPhone.ActiveCfg = Release|Any CPU
		{91FDA12A-7434-4884-BEAC-D18CB7A75E5F}.Release|iPhone.Build.0 = Release|Any CPU
		{91FDA12A-7434-4884-BEAC-D18CB7A75E5F}.Release|iPhoneSimulator.ActiveCfg = Release|Any CPU
		{91FDA12A-7434-4884-BEAC-D18CB7A75E5F}.Release|iPhoneSimulator.Build.0 = Release|Any CPU
		{91FDA12A-7434-4884-BEAC-D18CB7A75E5F}.Release|x64.ActiveCfg = Release|Any CPU
		{91FDA12A-7434-4884-BEAC-D18CB7A75E5F}.Release|x64.Build.0 = Release|Any CPU
		{91FDA12A-7434-4884-BEAC-D18CB7A75E5F}.Release|x86.ActiveCfg = Release|Any CPU
		{91FDA12A-7434-4884-BEAC-D18CB7A75E5F}.Release|x86.Build.0 = Release|Any CPU
	EndGlobalSection
	GlobalSection(SolutionProperties) = preSolution
		HideSolutionNode = FALSE
	EndGlobalSection
	GlobalSection(ExtensibilityGlobals) = postSolution
		SolutionGuid = {EFA01C19-BB93-4C17-8165-F4898EECF43C}
	EndGlobalSection
EndGlobal
